Microsoft Visual Studio Solution File, Format Version 12.00
# Visual Studio Version 16
VisualStudioVersion = 16.0.0.0
MinimumVisualStudioVersion = 16.0.0.0
Project("{9A19103F-16F7-4668-BE54-9A1E7A4F7556}") = "BlazorWebAssemblySignalRApp.Server", "Server\BlazorWebAssemblySignalRApp.Server.csproj", "{409D2E1C-FA40-4400-8C60-CF013CF1763B}"
EndProject
Project("{9A19103F-16F7-4668-BE54-9A1E7A4F7556}") = "BlazorWebAssemblySignalRApp.Client", "Client\BlazorWebAssemblySignalRApp.Client.csproj", "{15A9C26A-5370-41DA-BDE1-2C9118837214}"
EndProject
Project("{9A19103F-16F7-4668-BE54-9A1E7A4F7556}") = "BlazorWebAssemblySignalRApp.Shared", "Shared\BlazorWebAssemblySignalRApp.Shared.csproj", "{86095FE3-1625-41C3-86AD-3249910A90B9}"
EndProject
Global
	GlobalSection(SolutionConfigurationPlatforms) = preSolution
		Debug|Any CPU = Debug|Any CPU
		Debug|x64 = Debug|x64
		Debug|x86 = Debug|x86
		Release|Any CPU = Release|Any CPU
		Release|x64 = Release|x64
		Release|x86 = Release|x86
	EndGlobalSection
	GlobalSection(ProjectConfigurationPlatforms) = postSolution
		{15A9C26A-5370-41DA-BDE1-2C9118837214}.Debug|Any CPU.ActiveCfg = Debug|Any CPU
		{15A9C26A-5370-41DA-BDE1-2C9118837214}.Debug|Any CPU.Build.0 = Debug|Any CPU
		{15A9C26A-5370-41DA-BDE1-2C9118837214}.Debug|x64.ActiveCfg = Debug|Any CPU
		{15A9C26A-5370-41DA-BDE1-2C9118837214}.Debug|x64.Build.0 = Debug|Any CPU
		{15A9C26A-5370-41DA-BDE1-2C9118837214}.Debug|x86.ActiveCfg = Debug|Any CPU
		{15A9C26A-5370-41DA-BDE1-2C9118837214}.Debug|x86.Build.0 = Debug|Any CPU
		{15A9C26A-5370-41DA-BDE1-2C9118837214}.Release|Any CPU.ActiveCfg = Release|Any CPU
		{15A9C26A-5370-41DA-BDE1-2C9118837214}.Release|Any CPU.Build.0 = Release|Any CPU
		{15A9C26A-5370-41DA-BDE1-2C9118837214}.Release|x64.ActiveCfg = Release|Any CPU
		{15A9C26A-5370-41DA-BDE1-2C9118837214}.Release|x64.Build.0 = Release|Any CPU
		{15A9C26A-5370-41DA-BDE1-2C9118837214}.Release|x86.ActiveCfg = Release|Any CPU
		{15A9C26A-5370-41DA-BDE1-2C9118837214}.Release|x86.Build.0 = Release|Any CPU
		{409D2E1C-FA40-4400-8C60-CF013CF1763B}.Debug|Any CPU.ActiveCfg = Debug|Any CPU
		{409D2E1C-FA40-4400-8C60-CF013CF1763B}.Debug|Any CPU.Build.0 = Debug|Any CPU
		{409D2E1C-FA40-4400-8C60-CF013CF1763B}.Debug|x64.ActiveCfg = Debug|Any CPU
		{409D2E1C-FA40-4400-8C60-CF013CF1763B}.Debug|x64.Build.0 = Debug|Any CPU
		{409D2E1C-FA40-4400-8C60-CF013CF1763B}.Debug|x86.ActiveCfg = Debug|Any CPU
		{409D2E1C-FA40-4400-8C60-CF013CF1763B}.Debug|x86.Build.0 = Debug|Any CPU
		{409D2E1C-FA40-4400-8C60-CF013CF1763B}.Release|Any CPU.ActiveCfg = Release|Any CPU
		{409D2E1C-FA40-4400-8C60-CF013CF1763B}.Release|Any CPU.Build.0 = Release|Any CPU
		{409D2E1C-FA40-4400-8C60-CF013CF1763B}.Release|x64.ActiveCfg = Release|Any CPU
		{409D2E1C-FA40-4400-8C60-CF013CF1763B}.Release|x64.Build.0 = Release|Any CPU
		{409D2E1C-FA40-4400-8C60-CF013CF1763B}.Release|x86.ActiveCfg = Release|Any CPU
		{409D2E1C-FA40-4400-8C60-CF013CF1763B}.Release|x86.Build.0 = Release|Any CPU
		{86095FE3-1625-41C3-86AD-3249910A90B9}.Debug|Any CPU.ActiveCfg = Debug|Any CPU
		{86095FE3-1625-41C3-86AD-3249910A90B9}.Debug|Any CPU.Build.0 = Debug|Any CPU
		{86095FE3-1625-41C3-86AD-3249910A90B9}.Debug|x64.ActiveCfg = Debug|Any CPU
		{86095FE3-1625-41C3-86AD-3249910A90B9}.Debug|x64.Build.0 = Debug|Any CPU
		{86095FE3-1625-41C3-86AD-3249910A90B9}.Debug|x86.ActiveCfg = Debug|Any CPU
		{86095FE3-1625-41C3-86AD-3249910A90B9}.Debug|x86.Build.0 = Debug|Any CPU
		{86095FE3-1625-41C3-86AD-3249910A90B9}.Release|Any CPU.ActiveCfg = Release|Any CPU
		{86095FE3-1625-41C3-86AD-3249910A90B9}.Release|Any CPU.Build.0 = Release|Any CPU
		{86095FE3-1625-41C3-86AD-3249910A90B9}.Release|x64.ActiveCfg = Release|Any CPU
		{86095FE3-1625-41C3-86AD-3249910A90B9}.Release|x64.Build.0 = Release|Any CPU
		{86095FE3-1625-41C3-86AD-3249910A90B9}.Release|x86.ActiveCfg = Release|Any CPU
		{86095FE3-1625-41C3-86AD-3249910A90B9}.Release|x86.Build.0 = Release|Any CPU
	EndGlobalSection
	GlobalSection(SolutionProperties) = preSolution
		HideSolutionNode = FALSE
	EndGlobalSection
	GlobalSection(ExtensibilityGlobals) = postSolution
		SolutionGuid = {3469A8C4-A8EF-477A-90B8-69EC4DF1D762}
	EndGlobalSection
EndGlobal